{
  "name": "simple-client-usage",
  "version": "1.0.0",
  "lockfileVersion": 3,
  "requires": true,
  "packages": {
    "": {
      "name": "simple-client-usage",
      "version": "1.0.0",
      "dependencies": {
        "@html-css-to-image/client": "^0.0.3"
      }
    },
    "node_modules/@html-css-to-image/client": {
      "version": "0.0.3",
      "resolved": "https://registry.npmjs.org/@html-css-to-image/client/-/client-0.0.3.tgz",
      "integrity": "sha512-9fZxdFJLi4Kg3B5T77gcvBrhvccfKLykZRf500SsYXmxrwsjHrQOKIB3FiQS5mljuJobJiNgqK4PPjv0zWaonA==",
      "license": "MIT",
      "engines": {
        "node": ">=18.0.0"
      }
    }
  }
}
